
Microsoft Visual Studio Solution File, Format Version 12.00
# Visual Studio Version 16
VisualStudioVersion = 16.0.29326.143
MinimumVisualStudioVersion = 10.0.40219.1
Project("{9A19103F-16F7-4668-BE54-9A1E7A4F7556}") = "fwk.security.core", "fwk.security.core\fwk.security.core.csproj", "{3017C89B-E0C0-4239-9D4C-B92754E6BE36}"
EndProject
Project("{9A19103F-16F7-4668-BE54-9A1E7A4F7556}") = "fwk.bases.core", "fwk.bases.core\fwk.bases.core.csproj", "{BEED4D78-7409-477A-AF95-04427A63F63E}"
EndProject
Project("{FAE04EC0-301F-11D3-BF4B-00C04F79EFBC}") = "fwk.security.identity.core", "fwk.security.identity.core\fwk.security.identity.core.csproj", "{19A18F31-4240-484A-A3AE-C93610A6D3CA}"
EndProject
Global
	GlobalSection(SolutionConfigurationPlatforms) = preSolution
		Debug|Any CPU = Debug|Any CPU
		Release|Any CPU = Release|Any CPU
	EndGlobalSection
	GlobalSection(ProjectConfigurationPlatforms) = postSolution
		{3017C89B-E0C0-4239-9D4C-B92754E6BE36}.Debug|Any CPU.ActiveCfg = Debug|Any CPU
		{3017C89B-E0C0-4239-9D4C-B92754E6BE36}.Debug|Any CPU.Build.0 = Debug|Any CPU
		{3017C89B-E0C0-4239-9D4C-B92754E6BE36}.Release|Any CPU.ActiveCfg = Release|Any CPU
		{3017C89B-E0C0-4239-9D4C-B92754E6BE36}.Release|Any CPU.Build.0 = Release|Any CPU
		{BEED4D78-7409-477A-AF95-04427A63F63E}.Debug|Any CPU.ActiveCfg = Debug|Any CPU
		{BEED4D78-7409-477A-AF95-04427A63F63E}.Debug|Any CPU.Build.0 = Debug|Any CPU
		{BEED4D78-7409-477A-AF95-04427A63F63E}.Release|Any CPU.ActiveCfg = Release|Any CPU
		{BEED4D78-7409-477A-AF95-04427A63F63E}.Release|Any CPU.Build.0 = Release|Any CPU
		{19A18F31-4240-484A-A3AE-C93610A6D3CA}.Debug|Any CPU.ActiveCfg = Debug|Any CPU
		{19A18F31-4240-484A-A3AE-C93610A6D3CA}.Debug|Any CPU.Build.0 = Debug|Any CPU
		{19A18F31-4240-484A-A3AE-C93610A6D3CA}.Release|Any CPU.ActiveCfg = Release|Any CPU
		{19A18F31-4240-484A-A3AE-C93610A6D3CA}.Release|Any CPU.Build.0 = Release|Any CPU
	EndGlobalSection
	GlobalSection(SolutionProperties) = preSolution
		HideSolutionNode = FALSE
	EndGlobalSection
	GlobalSection(ExtensibilityGlobals) = postSolution
		SolutionGuid = {42F8A9FF-BEAD-4D1B-A7CC-C7B6381E16CA}
	EndGlobalSection
EndGlobal
